
Microsoft Visual Studio Solution File, Format Version 12.00
# Visual Studio Version 16
VisualStudioVersion = 16.0.33423.256
MinimumVisualStudioVersion = 10.0.40219.1
Project("{FAE04EC0-301F-11D3-BF4B-00C04F79EFBC}") = "RankingAppTest", "RankingAppTest\RankingAppTest.csproj", "{E05F8900-3D44-44D9-9941-206B0F4856E4}"
EndProject
Global
	GlobalSection(SolutionConfigurationPlatforms) = preSolution
		Debug|Any CPU = Debug|Any CPU
		Release|Any CPU = Release|Any CPU
	EndGlobalSection
	GlobalSection(ProjectConfigurationPlatforms) = postSolution
		{E05F8900-3D44-44D9-9941-206B0F4856E4}.Debug|Any CPU.ActiveCfg = Debug|Any CPU
		{E05F8900-3D44-44D9-9941-206B0F4856E4}.Debug|Any CPU.Build.0 = Debug|Any CPU
		{E05F8900-3D44-44D9-9941-206B0F4856E4}.Release|Any CPU.ActiveCfg = Release|Any CPU
		{E05F8900-3D44-44D9-9941-206B0F4856E4}.Release|Any CPU.Build.0 = Release|Any CPU
	EndGlobalSection
	GlobalSection(SolutionProperties) = preSolution
		HideSolutionNode = FALSE
	EndGlobalSection
	GlobalSection(ExtensibilityGlobals) = postSolution
		SolutionGuid = {9C51228B-CEC2-4BA5-A78E-C069F80CCAB3}
	EndGlobalSection
EndGlobal
